
Microsoft Visual Studio Solution File, Format Version 12.00
# Visual Studio 2013
VisualStudioVersion = 12.0.21005.1
MinimumVisualStudioVersion = 10.0.40219.1
Project("{8BC9CEB8-8B4A-11D0-8D11-00A0C91BC942}") = "libfacedetection_Test", "..\libfacedetection_Test\libfacedetection_Test.vcxproj", "{C18673DA-5543-45DC-A4F3-14BE65C837A3}"
EndProject
Project("{8BC9CEB8-8B4A-11D0-8D11-00A0C91BC942}") = "SeetaFaceEngine_FaceDetection", "..\SeetaFaceEngine_FaceDetection\SeetaFaceEngine_FaceDetection.vcxproj", "{87A202C9-C959-4E91-A059-AC359682D7EC}"
EndProject
Project("{8BC9CEB8-8B4A-11D0-8D11-00A0C91BC942}") = "SeetaFaceEngine_FaceAlignment", "..\SeetaFaceEngine_FaceAlignment\SeetaFaceEngine_FaceAlignment.vcxproj", "{36D4D216-2239-4C5C-B965-66C5F9872DF8}"
EndProject
Project("{8BC9CEB8-8B4A-11D0-8D11-00A0C91BC942}") = "SeetaFaceEngine_FaceIdentification", "..\SeetaFaceEngine_FaceIdentification\SeetaFaceEngine_FaceIdentification.vcxproj", "{AB9301F9-78AF-4170-9ACA-2B1154D7F83D}"
EndProject
Project("{8BC9CEB8-8B4A-11D0-8D11-00A0C91BC942}") = "SeetaFaceEngine_Test", "..\SeetaFaceEngine_Test\SeetaFaceEngine_Test.vcxproj", "{635DD422-162F-48A8-88E6-F700427316C5}"
EndProject
Project("{8BC9CEB8-8B4A-11D0-8D11-00A0C91BC942}") = "Dlib", "..\Dlib\Dlib.vcxproj", "{54474B82-C7CC-4FDA-A3A0-F0BDA0F2E8B7}"
EndProject
Project("{8BC9CEB8-8B4A-11D0-8D11-00A0C91BC942}") = "Dlib_Test", "..\Dlib_Test\Dlib_Test.vcxproj", "{321E46C9-A45A-4C78-BA86-8B920E0926F2}"
EndProject
Project("{8BC9CEB8-8B4A-11D0-8D11-00A0C91BC942}") = "tbb", "..\tbb\tbb.vcxproj", "{D5FCBE75-EAFC-458D-B1AB-D600659681D0}"
EndProject
Project("{8BC9CEB8-8B4A-11D0-8D11-00A0C91BC942}") = "tbbmalloc", "..\tbbmalloc\tbbmalloc.vcxproj", "{CD3F52D4-67B8-4615-9991-AD6FE0BE8908}"
	ProjectSection(ProjectDependencies) = postProject
		{D5FCBE75-EAFC-458D-B1AB-D600659681D0} = {D5FCBE75-EAFC-458D-B1AB-D600659681D0}
	EndProjectSection
EndProject
Project("{8BC9CEB8-8B4A-11D0-8D11-00A0C91BC942}") = "tbbmalloc_proxy", "..\tbbmalloc_proxy\tbbmalloc_proxy.vcxproj", "{A4BAD0CB-4CC5-46D0-85E3-406699F4EB4F}"
	ProjectSection(ProjectDependencies) = postProject
		{CD3F52D4-67B8-4615-9991-AD6FE0BE8908} = {CD3F52D4-67B8-4615-9991-AD6FE0BE8908}
	EndProjectSection
EndProject
Project("{8BC9CEB8-8B4A-11D0-8D11-00A0C91BC942}") = "IntelTBB_Test", "..\IntelTBB_Test\IntelTBB_Test.vcxproj", "{D8B6A7FA-70B4-4088-B1DF-586CFDED8809}"
EndProject
Project("{8BC9CEB8-8B4A-11D0-8D11-00A0C91BC942}") = "Tadas_OpenFace_LandmarkDetector", "..\Tadas_OpenFace_LandmarkDetector\Tadas_OpenFace_LandmarkDetector.vcxproj", "{B4F4DE17-9A1D-4365-8E1C-D7E07747407E}"
EndProject
Project("{8BC9CEB8-8B4A-11D0-8D11-00A0C91BC942}") = "Tadas_OpenFace_FaceAnalyser", "..\Tadas_OpenFace_FaceAnalyser\Tadas_OpenFace_FaceAnalyser.vcxproj", "{FEC26178-EDFC-4BE0-B0E8-DCB72DD32109}"
EndProject
Project("{8BC9CEB8-8B4A-11D0-8D11-00A0C91BC942}") = "Tadas_OpenFace_Test", "..\Tadas_OpenFace_Test\Tadas_OpenFace_Test.vcxproj", "{4F391A0E-DB43-4D34-9F7C-9BCEB871390D}"
	ProjectSection(ProjectDependencies) = postProject
		{B4F4DE17-9A1D-4365-8E1C-D7E07747407E} = {B4F4DE17-9A1D-4365-8E1C-D7E07747407E}
		{FEC26178-EDFC-4BE0-B0E8-DCB72DD32109} = {FEC26178-EDFC-4BE0-B0E8-DCB72DD32109}
	EndProjectSection
EndProject
Project("{8BC9CEB8-8B4A-11D0-8D11-00A0C91BC942}") = "OpenCV_Test", "..\OpenCV_Test\OpenCV_Test.vcxproj", "{F1A2A759-C20D-4A4F-9EC3-17ABD1BA1DAA}"
EndProject
Global
	GlobalSection(SolutionConfigurationPlatforms) = preSolution
		Debug|x64 = Debug|x64
		Release|x64 = Release|x64
	EndGlobalSection
	GlobalSection(ProjectConfigurationPlatforms) = postSolution
		{C18673DA-5543-45DC-A4F3-14BE65C837A3}.Debug|x64.ActiveCfg = Debug|x64
		{C18673DA-5543-45DC-A4F3-14BE65C837A3}.Debug|x64.Build.0 = Debug|x64
		{C18673DA-5543-45DC-A4F3-14BE65C837A3}.Release|x64.ActiveCfg = Release|x64
		{C18673DA-5543-45DC-A4F3-14BE65C837A3}.Release|x64.Build.0 = Release|x64
		{87A202C9-C959-4E91-A059-AC359682D7EC}.Debug|x64.ActiveCfg = Debug|x64
		{87A202C9-C959-4E91-A059-AC359682D7EC}.Release|x64.ActiveCfg = Release|x64
		{36D4D216-2239-4C5C-B965-66C5F9872DF8}.Debug|x64.ActiveCfg = Debug|x64
		{36D4D216-2239-4C5C-B965-66C5F9872DF8}.Release|x64.ActiveCfg = Release|x64
		{AB9301F9-78AF-4170-9ACA-2B1154D7F83D}.Debug|x64.ActiveCfg = Debug|x64
		{AB9301F9-78AF-4170-9ACA-2B1154D7F83D}.Release|x64.ActiveCfg = Release|x64
		{635DD422-162F-48A8-88E6-F700427316C5}.Debug|x64.ActiveCfg = Debug|x64
		{635DD422-162F-48A8-88E6-F700427316C5}.Release|x64.ActiveCfg = Release|x64
		{54474B82-C7CC-4FDA-A3A0-F0BDA0F2E8B7}.Debug|x64.ActiveCfg = Debug|x64
		{54474B82-C7CC-4FDA-A3A0-F0BDA0F2E8B7}.Release|x64.ActiveCfg = Release|x64
		{321E46C9-A45A-4C78-BA86-8B920E0926F2}.Debug|x64.ActiveCfg = Debug|x64
		{321E46C9-A45A-4C78-BA86-8B920E0926F2}.Release|x64.ActiveCfg = Release|x64
		{D5FCBE75-EAFC-458D-B1AB-D600659681D0}.Debug|x64.ActiveCfg = Debug|x64
		{D5FCBE75-EAFC-458D-B1AB-D600659681D0}.Debug|x64.Build.0 = Debug|x64
		{D5FCBE75-EAFC-458D-B1AB-D600659681D0}.Release|x64.ActiveCfg = Release|x64
		{D5FCBE75-EAFC-458D-B1AB-D600659681D0}.Release|x64.Build.0 = Release|x64
		{CD3F52D4-67B8-4615-9991-AD6FE0BE8908}.Debug|x64.ActiveCfg = Debug|x64
		{CD3F52D4-67B8-4615-9991-AD6FE0BE8908}.Debug|x64.Build.0 = Debug|x64
		{CD3F52D4-67B8-4615-9991-AD6FE0BE8908}.Release|x64.ActiveCfg = Release|x64
		{CD3F52D4-67B8-4615-9991-AD6FE0BE8908}.Release|x64.Build.0 = Release|x64
		{A4BAD0CB-4CC5-46D0-85E3-406699F4EB4F}.Debug|x64.ActiveCfg = Debug|x64
		{A4BAD0CB-4CC5-46D0-85E3-406699F4EB4F}.Debug|x64.Build.0 = Debug|x64
		{A4BAD0CB-4CC5-46D0-85E3-406699F4EB4F}.Release|x64.ActiveCfg = Release|x64
		{A4BAD0CB-4CC5-46D0-85E3-406699F4EB4F}.Release|x64.Build.0 = Release|x64
		{D8B6A7FA-70B4-4088-B1DF-586CFDED8809}.Debug|x64.ActiveCfg = Debug|x64
		{D8B6A7FA-70B4-4088-B1DF-586CFDED8809}.Release|x64.ActiveCfg = Release|x64
		{B4F4DE17-9A1D-4365-8E1C-D7E07747407E}.Debug|x64.ActiveCfg = Debug|x64
		{B4F4DE17-9A1D-4365-8E1C-D7E07747407E}.Release|x64.ActiveCfg = Release|x64
		{FEC26178-EDFC-4BE0-B0E8-DCB72DD32109}.Debug|x64.ActiveCfg = Debug|x64
		{FEC26178-EDFC-4BE0-B0E8-DCB72DD32109}.Release|x64.ActiveCfg = Release|x64
		{4F391A0E-DB43-4D34-9F7C-9BCEB871390D}.Debug|x64.ActiveCfg = Debug|x64
		{4F391A0E-DB43-4D34-9F7C-9BCEB871390D}.Release|x64.ActiveCfg = Release|x64
		{F1A2A759-C20D-4A4F-9EC3-17ABD1BA1DAA}.Debug|x64.ActiveCfg = Debug|x64
		{F1A2A759-C20D-4A4F-9EC3-17ABD1BA1DAA}.Release|x64.ActiveCfg = Release|x64
	EndGlobalSection
	GlobalSection(SolutionProperties) = preSolution
		HideSolutionNode = FALSE
	EndGlobalSection
EndGlobal
